// !$*UTF8*$!
{
	archiveVersion = 1;
	classes = {
	};
	objectVersion = 56;
	objects = {

/* Begin PBXBuildFile section */
		FA50C2DB291C425500057079 /* AthanViewModel.swift in Sources */ = {isa = PBXBuildFile; fileRef = FA50C2DA291C425500057079 /* AthanViewModel.swift */; };
		FA50C2DD291C456500057079 /* Hijri.swift in Sources */ = {isa = PBXBuildFile; fileRef = FA50C2DC291C456500057079 /* Hijri.swift */; };
		FA50C2E1291C478D00057079 /* Dates.swift in Sources */ = {isa = PBXBuildFile; fileRef = FA50C2E0291C478D00057079 /* Dates.swift */; };
		FA50C2E3291C4F3800057079 /* Prayer.swift in Sources */ = {isa = PBXBuildFile; fileRef = FA50C2E2291C4F3800057079 /* Prayer.swift */; };
		FA50C2E9291CA96600057079 /* LocationProvider.swift in Sources */ = {isa = PBXBuildFile; fileRef = FA50C2E8291CA96600057079 /* LocationProvider.swift */; };
		FA50C2EF291CAE2500057079 /* AthanCell.swift in Sources */ = {isa = PBXBuildFile; fileRef = FA50C2EE291CAE2500057079 /* AthanCell.swift */; };
		FA50C2F1291CB0A200057079 /* AthanBottom.swift in Sources */ = {isa = PBXBuildFile; fileRef = FA50C2F0291CB0A200057079 /* AthanBottom.swift */; };
		FA50C2F3291CB0E100057079 /* AthanHeader.swift in Sources */ = {isa = PBXBuildFile; fileRef = FA50C2F2291CB0E100057079 /* AthanHeader.swift */; };
		FA50C2F7291CB3EE00057079 /* SettingsView.swift in Sources */ = {isa = PBXBuildFile; fileRef = FA50C2F6291CB3EE00057079 /* SettingsView.swift */; };
		FA50C2FA291CC59700057079 /* PreferencesView.swift in Sources */ = {isa = PBXBuildFile; fileRef = FA50C2F9291CC59700057079 /* PreferencesView.swift */; };
		FA50C2FC291CC59E00057079 /* AboutView.swift in Sources */ = {isa = PBXBuildFile; fileRef = FA50C2FB291CC59E00057079 /* AboutView.swift */; };
		FA50C2FE291CC94900057079 /* Bundle.swift in Sources */ = {isa = PBXBuildFile; fileRef = FA50C2FD291CC94900057079 /* Bundle.swift */; };
		FA50C301291CCA1E00057079 /* AppData.swift in Sources */ = {isa = PBXBuildFile; fileRef = FA50C300291CCA1E00057079 /* AppData.swift */; };
		FA50C305291CCB0100057079 /* Preview Assets.xcassets in Resources */ = {isa = PBXBuildFile; fileRef = FA50C304291CCB0000057079 /* Preview Assets.xcassets */; };
		FA50C312291E1E2A00057079 /* Athan in Frameworks */ = {isa = PBXBuildFile; productRef = FA50C311291E1E2A00057079 /* Athan */; };
		FA50C315291E402100057079 /* Preferences in Frameworks */ = {isa = PBXBuildFile; productRef = FA50C314291E402100057079 /* Preferences */; };
		FA50C317291E403000057079 /* Settings.swift in Sources */ = {isa = PBXBuildFile; fileRef = FA50C316291E403000057079 /* Settings.swift */; };
		FA50C319291E416A00057079 /* PrayerTimesView.swift in Sources */ = {isa = PBXBuildFile; fileRef = FA50C318291E416A00057079 /* PrayerTimesView.swift */; };
		FA50C31B291E459300057079 /* Saved.swift in Sources */ = {isa = PBXBuildFile; fileRef = FA50C31A291E459300057079 /* Saved.swift */; };
		FA50C31D291E464900057079 /* SavedModel.swift in Sources */ = {isa = PBXBuildFile; fileRef = FA50C31C291E464900057079 /* SavedModel.swift */; };
		FA50C320291F11EB00057079 /* LaunchAtLogin in Frameworks */ = {isa = PBXBuildFile; productRef = FA50C31F291F11EB00057079 /* LaunchAtLogin */; };
		FA7101D7291C1E0F00E96377 /* AthanBarApp.swift in Sources */ = {isa = PBXBuildFile; fileRef = FA7101D6291C1E0F00E96377 /* AthanBarApp.swift */; };
		FA7101D9291C1E0F00E96377 /* AthanView.swift in Sources */ = {isa = PBXBuildFile; fileRef = FA7101D8291C1E0F00E96377 /* AthanView.swift */; };
		FA7101DB291C1E1100E96377 /* Assets.xcassets in Resources */ = {isa = PBXBuildFile; fileRef = FA7101DA291C1E1100E96377 /* Assets.xcassets */; };
		FAE4242A2A5AD75E002EC81E /* EnableLocationView.swift in Sources */ = {isa = PBXBuildFile; fileRef = FAE424292A5AD75E002EC81E /* EnableLocationView.swift */; };
		FAE4242C2A5AD7B9002EC81E /* AthanListView.swift in Sources */ = {isa = PBXBuildFile; fileRef = FAE4242B2A5AD7B9002EC81E /* AthanListView.swift */; };
		FAE4242E2A5ADCF6002EC81E /* AthanMenuBarView.swift in Sources */ = {isa = PBXBuildFile; fileRef = FAE4242D2A5ADCF6002EC81E /* AthanMenuBarView.swift */; };
		FAE424302A5ADD3F002EC81E /* EnableLocationMenuBarView.swift in Sources */ = {isa = PBXBuildFile; fileRef = FAE4242F2A5ADD3F002EC81E /* EnableLocationMenuBarView.swift */; };
/* End PBXBuildFile section */

/* Begin PBXFileReference section */
		FA50C2DA291C425500057079 /* AthanViewModel.swift */ = {isa = PBXFileReference; lastKnownFileType = sourcecode.swift; path = AthanViewModel.swift; sourceTree = "<group>"; };
		FA50C2DC291C456500057079 /* Hijri.swift */ = {isa = PBXFileReference; lastKnownFileType = sourcecode.swift; path = Hijri.swift; sourceTree = "<group>"; };
		FA50C2E0291C478D00057079 /* Dates.swift */ = {isa = PBXFileReference; lastKnownFileType = sourcecode.swift; path = Dates.swift; sourceTree = "<group>"; };
		FA50C2E2291C4F3800057079 /* Prayer.swift */ = {isa = PBXFileReference; lastKnownFileType = sourcecode.swift; path = Prayer.swift; sourceTree = "<group>"; };
		FA50C2E8291CA96600057079 /* LocationProvider.swift */ = {isa = PBXFileReference; lastKnownFileType = sourcecode.swift; path = LocationProvider.swift; sourceTree = "<group>"; };
		FA50C2EB291CA9AD00057079 /* CoreLocation.framework */ = {isa = PBXFileReference; lastKnownFileType = wrapper.framework; name = CoreLocation.framework; path = System/Library/Frameworks/CoreLocation.framework; sourceTree = SDKROOT; };
		FA50C2ED291CAB4C00057079 /* Info.plist */ = {isa = PBXFileReference; lastKnownFileType = text.plist; path = Info.plist; sourceTree = "<group>"; };
		FA50C2EE291CAE2500057079 /* AthanCell.swift */ = {isa = PBXFileReference; lastKnownFileType = sourcecode.swift; path = AthanCell.swift; sourceTree = "<group>"; };
		FA50C2F0291CB0A200057079 /* AthanBottom.swift */ = {isa = PBXFileReference; lastKnownFileType = sourcecode.swift; path = AthanBottom.swift; sourceTree = "<group>"; };
		FA50C2F2291CB0E100057079 /* AthanHeader.swift */ = {isa = PBXFileReference; lastKnownFileType = sourcecode.swift; path = AthanHeader.swift; sourceTree = "<group>"; };
		FA50C2F6291CB3EE00057079 /* SettingsView.swift */ = {isa = PBXFileReference; lastKnownFileType = sourcecode.swift; path = SettingsView.swift; sourceTree = "<group>"; };
		FA50C2F9291CC59700057079 /* PreferencesView.swift */ = {isa = PBXFileReference; lastKnownFileType = sourcecode.swift; path = PreferencesView.swift; sourceTree = "<group>"; };
		FA50C2FB291CC59E00057079 /* AboutView.swift */ = {isa = PBXFileReference; lastKnownFileType = sourcecode.swift; path = AboutView.swift; sourceTree = "<group>"; };
		FA50C2FD291CC94900057079 /* Bundle.swift */ = {isa = PBXFileReference; lastKnownFileType = sourcecode.swift; path = Bundle.swift; sourceTree = "<group>"; };
		FA50C300291CCA1E00057079 /* AppData.swift */ = {isa = PBXFileReference; lastKnownFileType = sourcecode.swift; path = AppData.swift; sourceTree = "<group>"; };
		FA50C304291CCB0000057079 /* Preview Assets.xcassets */ = {isa = PBXFileReference; lastKnownFileType = folder.assetcatalog; path = "Preview Assets.xcassets"; sourceTree = "<group>"; };
		FA50C316291E403000057079 /* Settings.swift */ = {isa = PBXFileReference; lastKnownFileType = sourcecode.swift; path = Settings.swift; sourceTree = "<group>"; };
		FA50C318291E416A00057079 /* PrayerTimesView.swift */ = {isa = PBXFileReference; lastKnownFileType = sourcecode.swift; path = PrayerTimesView.swift; sourceTree = "<group>"; };
		FA50C31A291E459300057079 /* Saved.swift */ = {isa = PBXFileReference; lastKnownFileType = sourcecode.swift; path = Saved.swift; sourceTree = "<group>"; };
		FA50C31C291E464900057079 /* SavedModel.swift */ = {isa = PBXFileReference; lastKnownFileType = sourcecode.swift; path = SavedModel.swift; sourceTree = "<group>"; };
		FA7101D3291C1E0F00E96377 /* AthanBar.app */ = {isa = PBXFileReference; explicitFileType = wrapper.application; includeInIndex = 0; path = AthanBar.app; sourceTree = BUILT_PRODUCTS_DIR; };
		FA7101D6291C1E0F00E96377 /* AthanBarApp.swift */ = {isa = PBXFileReference; lastKnownFileType = sourcecode.swift; path = AthanBarApp.swift; sourceTree = "<group>"; };
		FA7101D8291C1E0F00E96377 /* AthanView.swift */ = {isa = PBXFileReference; lastKnownFileType = sourcecode.swift; path = AthanView.swift; sourceTree = "<group>"; };
		FA7101DA291C1E1100E96377 /* Assets.xcassets */ = {isa = PBXFileReference; lastKnownFileType = folder.assetcatalog; path = Assets.xcassets; sourceTree = "<group>"; };
		FA7101DF291C1E1100E96377 /* AthanBar.entitlements */ = {isa = PBXFileReference; lastKnownFileType = text.plist.entitlements; path = AthanBar.entitlements; sourceTree = "<group>"; };
		FAE424292A5AD75E002EC81E /* EnableLocationView.swift */ = {isa = PBXFileReference; lastKnownFileType = sourcecode.swift; path = EnableLocationView.swift; sourceTree = "<group>"; };
		FAE4242B2A5AD7B9002EC81E /* AthanListView.swift */ = {isa = PBXFileReference; lastKnownFileType = sourcecode.swift; path = AthanListView.swift; sourceTree = "<group>"; };
		FAE4242D2A5ADCF6002EC81E /* AthanMenuBarView.swift */ = {isa = PBXFileReference; lastKnownFileType = sourcecode.swift; path = AthanMenuBarView.swift; sourceTree = "<group>"; };
		FAE4242F2A5ADD3F002EC81E /* EnableLocationMenuBarView.swift */ = {isa = PBXFileReference; lastKnownFileType = sourcecode.swift; path = EnableLocationMenuBarView.swift; sourceTree = "<group>"; };
/* End PBXFileReference section */

/* Begin PBXFrameworksBuildPhase section */
		FA7101D0291C1E0F00E96377 /* Frameworks */ = {
			isa = PBXFrameworksBuildPhase;
			buildActionMask = 2147483647;
			files = (
				FA50C320291F11EB00057079 /* LaunchAtLogin in Frameworks */,
				FA50C312291E1E2A00057079 /* Athan in Frameworks */,
				FA50C315291E402100057079 /* Preferences in Frameworks */,
			);
			runOnlyForDeploymentPostprocessing = 0;
		};
/* End PBXFrameworksBuildPhase section */

/* Begin PBXGroup section */
		FA50C2DE291C476200057079 /* Calculation */ = {
			isa = PBXGroup;
			children = (
				FA50C2E2291C4F3800057079 /* Prayer.swift */,
				FA50C2DC291C456500057079 /* Hijri.swift */,
				FA50C2E0291C478D00057079 /* Dates.swift */,
			);
			path = Calculation;
			sourceTree = "<group>";
		};
		FA50C2DF291C477100057079 /* Athan */ = {
			isa = PBXGroup;
			children = (
				FA50C2DA291C425500057079 /* AthanViewModel.swift */,
				FA7101D6291C1E0F00E96377 /* AthanBarApp.swift */,
				FAE4242D2A5ADCF6002EC81E /* AthanMenuBarView.swift */,
				FAE4242F2A5ADD3F002EC81E /* EnableLocationMenuBarView.swift */,
				FA7101D8291C1E0F00E96377 /* AthanView.swift */,
				FAE4242B2A5AD7B9002EC81E /* AthanListView.swift */,
				FAE424292A5AD75E002EC81E /* EnableLocationView.swift */,
				FA50C2F2291CB0E100057079 /* AthanHeader.swift */,
				FA50C2EE291CAE2500057079 /* AthanCell.swift */,
				FA50C2F0291CB0A200057079 /* AthanBottom.swift */,
			);
			path = Athan;
			sourceTree = "<group>";
		};
		FA50C2EA291CA9AC00057079 /* Frameworks */ = {
			isa = PBXGroup;
			children = (
				FA50C2EB291CA9AD00057079 /* CoreLocation.framework */,
			);
			name = Frameworks;
			sourceTree = "<group>";
		};
		FA50C2F8291CB3F500057079 /* Settings */ = {
			isa = PBXGroup;
			children = (
				FA50C316291E403000057079 /* Settings.swift */,
				FA50C2F6291CB3EE00057079 /* SettingsView.swift */,
				FA50C2F9291CC59700057079 /* PreferencesView.swift */,
				FA50C318291E416A00057079 /* PrayerTimesView.swift */,
				FA50C2FB291CC59E00057079 /* AboutView.swift */,
			);
			path = Settings;
			sourceTree = "<group>";
		};
		FA50C2FF291CC94D00057079 /* Utilities */ = {
			isa = PBXGroup;
			children = (
				FA50C31A291E459300057079 /* Saved.swift */,
				FA50C2E8291CA96600057079 /* LocationProvider.swift */,
				FA50C2FD291CC94900057079 /* Bundle.swift */,
			);
			path = Utilities;
			sourceTree = "<group>";
		};
		FA50C306291CCB0600057079 /* Preview Content */ = {
			isa = PBXGroup;
			children = (
				FA50C304291CCB0000057079 /* Preview Assets.xcassets */,
			);
			path = "Preview Content";
			sourceTree = "<group>";
		};
		FA7101CA291C1E0E00E96377 = {
			isa = PBXGroup;
			children = (
				FA7101D5291C1E0F00E96377 /* AthanBar */,
				FA7101D4291C1E0F00E96377 /* Products */,
				FA50C2EA291CA9AC00057079 /* Frameworks */,
			);
			sourceTree = "<group>";
		};
		FA7101D4291C1E0F00E96377 /* Products */ = {
			isa = PBXGroup;
			children = (
				FA7101D3291C1E0F00E96377 /* AthanBar.app */,
			);
			name = Products;
			sourceTree = "<group>";
		};
		FA7101D5291C1E0F00E96377 /* AthanBar */ = {
			isa = PBXGroup;
			children = (
				FA50C2ED291CAB4C00057079 /* Info.plist */,
				FA50C300291CCA1E00057079 /* AppData.swift */,
				FA50C31C291E464900057079 /* SavedModel.swift */,
				FA50C2DF291C477100057079 /* Athan */,
				FA50C2F8291CB3F500057079 /* Settings */,
				FA50C2DE291C476200057079 /* Calculation */,
				FA50C2FF291CC94D00057079 /* Utilities */,
				FA7101DA291C1E1100E96377 /* Assets.xcassets */,
				FA7101DF291C1E1100E96377 /* AthanBar.entitlements */,
				FA50C306291CCB0600057079 /* Preview Content */,
			);
			path = AthanBar;
			sourceTree = "<group>";
		};
/* End PBXGroup section */

/* Begin PBXNativeTarget section */
		FA7101D2291C1E0F00E96377 /* AthanBar */ = {
			isa = PBXNativeTarget;
			buildConfigurationList = FA7101E2291C1E1100E96377 /* Build configuration list for PBXNativeTarget "AthanBar" */;
			buildPhases = (
				FA7101CF291C1E0F00E96377 /* Sources */,
				FA7101D0291C1E0F00E96377 /* Frameworks */,
				FA7101D1291C1E0F00E96377 /* Resources */,
			);
			buildRules = (
			);
			dependencies = (
			);
			name = AthanBar;
			packageProductDependencies = (
				FA50C311291E1E2A00057079 /* Athan */,
				FA50C314291E402100057079 /* Preferences */,
				FA50C31F291F11EB00057079 /* LaunchAtLogin */,
			);
			productName = AthanBar;
			productReference = FA7101D3291C1E0F00E96377 /* AthanBar.app */;
			productType = "com.apple.product-type.application";
		};
/* End PBXNativeTarget section */

/* Begin PBXProject section */
		FA7101CB291C1E0E00E96377 /* Project object */ = {
			isa = PBXProject;
			attributes = {
				BuildIndependentTargetsInParallel = 1;
				LastSwiftUpdateCheck = 1400;
				LastUpgradeCheck = 1410;
				TargetAttributes = {
					FA7101D2291C1E0F00E96377 = {
						CreatedOnToolsVersion = 14.0;
					};
				};
			};
			buildConfigurationList = FA7101CE291C1E0E00E96377 /* Build configuration list for PBXProject "AthanBar" */;
			compatibilityVersion = "Xcode 14.0";
			developmentRegion = en;
			hasScannedForEncodings = 0;
			knownRegions = (
				en,
				Base,
			);
			mainGroup = FA7101CA291C1E0E00E96377;
			packageReferences = (
				FA50C310291E1E2A00057079 /* XCRemoteSwiftPackageReference "athan" */,
				FA50C313291E402100057079 /* XCRemoteSwiftPackageReference "Preferences" */,
				FA50C31E291F11EB00057079 /* XCRemoteSwiftPackageReference "LaunchAtLogin" */,
			);
			productRefGroup = FA7101D4291C1E0F00E96377 /* Products */;
			projectDirPath = "";
			projectRoot = "";
			targets = (
				FA7101D2291C1E0F00E96377 /* AthanBar */,
			);
		};
/* End PBXProject section */

/* Begin PBXResourcesBuildPhase section */
		FA7101D1291C1E0F00E96377 /* Resources */ = {
			isa = PBXResourcesBuildPhase;
			buildActionMask = 2147483647;
			files = (
				FA50C305291CCB0100057079 /* Preview Assets.xcassets in Resources */,
				FA7101DB291C1E1100E96377 /* Assets.xcassets in Resources */,
			);
			runOnlyForDeploymentPostprocessing = 0;
		};
/* End PBXResourcesBuildPhase section */

/* Begin PBXSourcesBuildPhase section */
		FA7101CF291C1E0F00E96377 /* Sources */ = {
			isa = PBXSourcesBuildPhase;
			buildActionMask = 2147483647;
			files = (
				FA50C2E3291C4F3800057079 /* Prayer.swift in Sources */,
				FA50C2DD291C456500057079 /* Hijri.swift in Sources */,
				FAE4242E2A5ADCF6002EC81E /* AthanMenuBarView.swift in Sources */,
				FA50C319291E416A00057079 /* PrayerTimesView.swift in Sources */,
				FAE424302A5ADD3F002EC81E /* EnableLocationMenuBarView.swift in Sources */,
				FA50C31D291E464900057079 /* SavedModel.swift in Sources */,
				FA50C31B291E459300057079 /* Saved.swift in Sources */,
				FA50C2E1291C478D00057079 /* Dates.swift in Sources */,
				FA50C2FA291CC59700057079 /* PreferencesView.swift in Sources */,
				FA7101D9291C1E0F00E96377 /* AthanView.swift in Sources */,
				FA50C2EF291CAE2500057079 /* AthanCell.swift in Sources */,
				FA50C301291CCA1E00057079 /* AppData.swift in Sources */,
				FAE4242A2A5AD75E002EC81E /* EnableLocationView.swift in Sources */,
				FA50C2E9291CA96600057079 /* LocationProvider.swift in Sources */,
				FA7101D7291C1E0F00E96377 /* AthanBarApp.swift in Sources */,
				FA50C2FC291CC59E00057079 /* AboutView.swift in Sources */,
				FA50C317291E403000057079 /* Settings.swift in Sources */,
				FA50C2F3291CB0E100057079 /* AthanHeader.swift in Sources */,
				FAE4242C2A5AD7B9002EC81E /* AthanListView.swift in Sources */,
				FA50C2DB291C425500057079 /* AthanViewModel.swift in Sources */,
				FA50C2F7291CB3EE00057079 /* SettingsView.swift in Sources */,
				FA50C2FE291CC94900057079 /* Bundle.swift in Sources */,
				FA50C2F1291CB0A200057079 /* AthanBottom.swift in Sources */,
			);
			runOnlyForDeploymentPostprocessing = 0;
		};
/* End PBXSourcesBuildPhase section */

/* Begin XCBuildConfiguration section */
		FA7101E0291C1E1100E96377 /* Debug */ = {
			isa = XCBuildConfiguration;
			buildSettings = {
				ALWAYS_SEARCH_USER_PATHS = NO;
				CLANG_ANALYZER_NONNULL = YES;
				CLANG_ANALYZER_NUMBER_OBJECT_CONVERSION = YES_AGGRESSIVE;
				CLANG_CXX_LANGUAGE_STANDARD = "gnu++20";
				CLANG_ENABLE_MODULES = YES;
				CLANG_ENABLE_OBJC_ARC = YES;
				CLANG_ENABLE_OBJC_WEAK = YES;
				CLANG_WARN_BLOCK_CAPTURE_AUTORELEASING = YES;
				CLANG_WARN_BOOL_CONVERSION = YES;
				CLANG_WARN_COMMA = YES;
				CLANG_WARN_CONSTANT_CONVERSION = YES;
				CLANG_WARN_DEPRECATED_OBJC_IMPLEMENTATIONS = YES;
				CLANG_WARN_DIRECT_OBJC_ISA_USAGE = YES_ERROR;
				CLANG_WARN_DOCUMENTATION_COMMENTS = YES;
				CLANG_WARN_EMPTY_BODY = YES;
				CLANG_WARN_ENUM_CONVERSION = YES;
				CLANG_WARN_INFINITE_RECURSION = YES;
				CLANG_WARN_INT_CONVERSION = YES;
				CLANG_WARN_NON_LITERAL_NULL_CONVERSION = YES;
				CLANG_WARN_OBJC_IMPLICIT_RETAIN_SELF = YES;
				CLANG_WARN_OBJC_LITERAL_CONVERSION = YES;
				CLANG_WARN_OBJC_ROOT_CLASS = YES_ERROR;
				CLANG_WARN_QUOTED_INCLUDE_IN_FRAMEWORK_HEADER = YES;
				CLANG_WARN_RANGE_LOOP_ANALYSIS = YES;
				CLANG_WARN_STRICT_PROTOTYPES = YES;
				CLANG_WARN_SUSPICIOUS_MOVE = YES;
				CLANG_WARN_UNGUARDED_AVAILABILITY = YES_AGGRESSIVE;
				CLANG_WARN_UNREACHABLE_CODE = YES;
				CLANG_WARN__DUPLICATE_METHOD_MATCH = YES;
				COPY_PHASE_STRIP = NO;
				DEAD_CODE_STRIPPING = YES;
				DEBUG_INFORMATION_FORMAT = dwarf;
				ENABLE_STRICT_OBJC_MSGSEND = YES;
				ENABLE_TESTABILITY = YES;
				GCC_C_LANGUAGE_STANDARD = gnu11;
				GCC_DYNAMIC_NO_PIC = NO;
				GCC_NO_COMMON_BLOCKS = YES;
				GCC_OPTIMIZATION_LEVEL = 0;
				GCC_PREPROCESSOR_DEFINITIONS = (
					"DEBUG=1",
					"$(inherited)",
				);
				GCC_WARN_64_TO_32_BIT_CONVERSION = YES;
				GCC_WARN_ABOUT_RETURN_TYPE = YES_ERROR;
				GCC_WARN_UNDECLARED_SELECTOR = YES;
				GCC_WARN_UNINITIALIZED_AUTOS = YES_AGGRESSIVE;
				GCC_WARN_UNUSED_FUNCTION = YES;
				GCC_WARN_UNUSED_VARIABLE = YES;
				MACOSX_DEPLOYMENT_TARGET = 12.3;
				MTL_ENABLE_DEBUG_INFO = INCLUDE_SOURCE;
				MTL_FAST_MATH = YES;
				ONLY_ACTIVE_ARCH = YES;
				SDKROOT = macosx;
				SWIFT_ACTIVE_COMPILATION_CONDITIONS = DEBUG;
				SWIFT_OPTIMIZATION_LEVEL = "-Onone";
			};
			name = Debug;
		};
		FA7101E1291C1E1100E96377 /* Release */ = {
			isa = XCBuildConfiguration;
			buildSettings = {
				ALWAYS_SEARCH_USER_PATHS = NO;
				CLANG_ANALYZER_NONNULL = YES;
				CLANG_ANALYZER_NUMBER_OBJECT_CONVERSION = YES_AGGRESSIVE;
				CLANG_CXX_LANGUAGE_STANDARD = "gnu++20";
				CLANG_ENABLE_MODULES = YES;
				CLANG_ENABLE_OBJC_ARC = YES;
				CLANG_ENABLE_OBJC_WEAK = YES;
				CLANG_WARN_BLOCK_CAPTURE_AUTORELEASING = YES;
				CLANG_WARN_BOOL_CONVERSION = YES;
				CLANG_WARN_COMMA = YES;
				CLANG_WARN_CONSTANT_CONVERSION = YES;
				CLANG_WARN_DEPRECATED_OBJC_IMPLEMENTATIONS = YES;
				CLANG_WARN_DIRECT_OBJC_ISA_USAGE = YES_ERROR;
				CLANG_WARN_DOCUMENTATION_COMMENTS = YES;
				CLANG_WARN_EMPTY_BODY = YES;
				CLANG_WARN_ENUM_CONVERSION = YES;
				CLANG_WARN_INFINITE_RECURSION = YES;
				CLANG_WARN_INT_CONVERSION = YES;
				CLANG_WARN_NON_LITERAL_NULL_CONVERSION = YES;
				CLANG_WARN_OBJC_IMPLICIT_RETAIN_SELF = YES;
				CLANG_WARN_OBJC_LITERAL_CONVERSION = YES;
				CLANG_WARN_OBJC_ROOT_CLASS = YES_ERROR;
				CLANG_WARN_QUOTED_INCLUDE_IN_FRAMEWORK_HEADER = YES;
				CLANG_WARN_RANGE_LOOP_ANALYSIS = YES;
				CLANG_WARN_STRICT_PROTOTYPES = YES;
				CLANG_WARN_SUSPICIOUS_MOVE = YES;
				CLANG_WARN_UNGUARDED_AVAILABILITY = YES_AGGRESSIVE;
				CLANG_WARN_UNREACHABLE_CODE = YES;
				CLANG_WARN__DUPLICATE_METHOD_MATCH = YES;
				COPY_PHASE_STRIP = NO;
				DEAD_CODE_STRIPPING = YES;
				DEBUG_INFORMATION_FORMAT = "dwarf-with-dsym";
				ENABLE_NS_ASSERTIONS = NO;
				ENABLE_STRICT_OBJC_MSGSEND = YES;
				GCC_C_LANGUAGE_STANDARD = gnu11;
				GCC_NO_COMMON_BLOCKS = YES;
				GCC_WARN_64_TO_32_BIT_CONVERSION = YES;
				GCC_WARN_ABOUT_RETURN_TYPE = YES_ERROR;
				GCC_WARN_UNDECLARED_SELECTOR = YES;
				GCC_WARN_UNINITIALIZED_AUTOS = YES_AGGRESSIVE;
				GCC_WARN_UNUSED_FUNCTION = YES;
				GCC_WARN_UNUSED_VARIABLE = YES;
				MACOSX_DEPLOYMENT_TARGET = 12.3;
				MTL_ENABLE_DEBUG_INFO = NO;
				MTL_FAST_MATH = YES;
				SDKROOT = macosx;
				SWIFT_COMPILATION_MODE = wholemodule;
				SWIFT_OPTIMIZATION_LEVEL = "-O";
			};
			name = Release;
		};
		FA7101E3291C1E1100E96377 /* Debug */ = {
			isa = XCBuildConfiguration;
			buildSettings = {
				ASSETCATALOG_COMPILER_APPICON_NAME = AppIcon;
				ASSETCATALOG_COMPILER_GLOBAL_ACCENT_COLOR_NAME = AccentColor;
				CODE_SIGN_ENTITLEMENTS = AthanBar/AthanBar.entitlements;
				CODE_SIGN_IDENTITY = "-";
				CODE_SIGN_STYLE = Automatic;
				COMBINE_HIDPI_IMAGES = YES;
				CURRENT_PROJECT_VERSION = 1;
				DEAD_CODE_STRIPPING = YES;
				DEVELOPMENT_ASSET_PATHS = "\"AthanBar/Preview Content\"";
				DEVELOPMENT_TEAM = SDG37YDN8V;
				ENABLE_HARDENED_RUNTIME = YES;
				ENABLE_PREVIEWS = YES;
				GENERATE_INFOPLIST_FILE = YES;
				INFOPLIST_FILE = AthanBar/Info.plist;
				INFOPLIST_KEY_LSUIElement = YES;
				INFOPLIST_KEY_NSHumanReadableCopyright = "";
				INFOPLIST_KEY_NSLocationAlwaysAndWhenInUseUsageDescription = "Allow the application to update your location to retrieve prayer time information in the background.";
				INFOPLIST_KEY_NSLocationAlwaysUsageDescription = "Allow the application to update your location to retrieve prayer time information.";
				INFOPLIST_KEY_NSLocationUsageDescription = "Allow the application to update your location to retrieve prayer time information.";
				LD_RUNPATH_SEARCH_PATHS = (
					"$(inherited)",
					"@executable_path/../Frameworks",
				);
				MACOSX_DEPLOYMENT_TARGET = 13.0;
				MARKETING_VERSION = 1.0;
				PRODUCT_BUNDLE_IDENTIFIER = com.MMQ.AthanBarFake;
				PRODUCT_NAME = "$(TARGET_NAME)";
				SWIFT_EMIT_LOC_STRINGS = YES;
				SWIFT_VERSION = 5.0;
			};
			name = Debug;
		};
		FA7101E4291C1E1100E96377 /* Release */ = {
			isa = XCBuildConfiguration;
			buildSettings = {
				ASSETCATALOG_COMPILER_APPICON_NAME = AppIcon;
				ASSETCATALOG_COMPILER_GLOBAL_ACCENT_COLOR_NAME = AccentColor;
				CODE_SIGN_ENTITLEMENTS = AthanBar/AthanBar.entitlements;
				CODE_SIGN_IDENTITY = "-";
				CODE_SIGN_STYLE = Automatic;
				COMBINE_HIDPI_IMAGES = YES;
				CURRENT_PROJECT_VERSION = 1;
				DEAD_CODE_STRIPPING = YES;
				DEVELOPMENT_ASSET_PATHS = "\"AthanBar/Preview Content\"";
				DEVELOPMENT_TEAM = SDG37YDN8V;
				ENABLE_HARDENED_RUNTIME = YES;
				ENABLE_PREVIEWS = YES;
				GENERATE_INFOPLIST_FILE = YES;
				INFOPLIST_FILE = AthanBar/Info.plist;
				INFOPLIST_KEY_LSUIElement = YES;
				INFOPLIST_KEY_NSHumanReadableCopyright = "";
				INFOPLIST_KEY_NSLocationAlwaysAndWhenInUseUsageDescription = "Allow the application to update your location to retrieve prayer time information in the background.";
				INFOPLIST_KEY_NSLocationAlwaysUsageDescription = "Allow the application to update your location to retrieve prayer time information.";
				INFOPLIST_KEY_NSLocationUsageDescription = "Allow the application to update your location to retrieve prayer time information.";
				LD_RUNPATH_SEARCH_PATHS = (
					"$(inherited)",
					"@executable_path/../Frameworks",
				);
				MACOSX_DEPLOYMENT_TARGET = 13.0;
				MARKETING_VERSION = 1.0;
				PRODUCT_BUNDLE_IDENTIFIER = com.MMQ.AthanBarFake;
				PRODUCT_NAME = "$(TARGET_NAME)";
				SWIFT_EMIT_LOC_STRINGS = YES;
				SWIFT_VERSION = 5.0;
			};
			name = Release;
		};
/* End XCBuildConfiguration section */

/* Begin XCConfigurationList section */
		FA7101CE291C1E0E00E96377 /* Build configuration list for PBXProject "AthanBar" */ = {
			isa = XCConfigurationList;
			buildConfigurations = (
				FA7101E0291C1E1100E96377 /* Debug */,
				FA7101E1291C1E1100E96377 /* Release */,
			);
			defaultConfigurationIsVisible = 0;
			defaultConfigurationName = Release;
		};
		FA7101E2291C1E1100E96377 /* Build configuration list for PBXNativeTarget "AthanBar" */ = {
			isa = XCConfigurationList;
			buildConfigurations = (
				FA7101E3291C1E1100E96377 /* Debug */,
				FA7101E4291C1E1100E96377 /* Release */,
			);
			defaultConfigurationIsVisible = 0;
			defaultConfigurationName = Release;
		};
/* End XCConfigurationList section */

/* Begin XCRemoteSwiftPackageReference section */
		FA50C310291E1E2A00057079 /* XCRemoteSwiftPackageReference "athan" */ = {
			isa = XCRemoteSwiftPackageReference;
			repositoryURL = "https://github.com/qazwini/athan";
			requirement = {
				branch = main;
				kind = branch;
			};
		};
		FA50C313291E402100057079 /* XCRemoteSwiftPackageReference "Preferences" */ = {
			isa = XCRemoteSwiftPackageReference;
			repositoryURL = "https://github.com/sindresorhus/Preferences";
			requirement = {
				branch = main;
				kind = branch;
			};
		};
		FA50C31E291F11EB00057079 /* XCRemoteSwiftPackageReference "LaunchAtLogin" */ = {
			isa = XCRemoteSwiftPackageReference;
			repositoryURL = "https://github.com/sindresorhus/LaunchAtLogin";
			requirement = {
				branch = main;
				kind = branch;
			};
		};
/* End XCRemoteSwiftPackageReference section */

/* Begin XCSwiftPackageProductDependency section */
		FA50C311291E1E2A00057079 /* Athan */ = {
			isa = XCSwiftPackageProductDependency;
			package = FA50C310291E1E2A00057079 /* XCRemoteSwiftPackageReference "athan" */;
			productName = Athan;
		};
		FA50C314291E402100057079 /* Preferences */ = {
			isa = XCSwiftPackageProductDependency;
			package = FA50C313291E402100057079 /* XCRemoteSwiftPackageReference "Preferences" */;
			productName = Preferences;
		};
		FA50C31F291F11EB00057079 /* LaunchAtLogin */ = {
			isa = XCSwiftPackageProductDependency;
			package = FA50C31E291F11EB00057079 /* XCRemoteSwiftPackageReference "LaunchAtLogin" */;
			productName = LaunchAtLogin;
		};
/* End XCSwiftPackageProductDependency section */
	};
	rootObject = FA7101CB291C1E0E00E96377 /* Project object */;
}
