{
  "pins" : [
    {
      "identity" : "athan",
      "kind" : "remoteSourceControl",
      "location" : "https://github.com/qazwini/athan",
      "state" : {
        "branch" : "main",
        "revision" : "d46dc951e3673ae2032759047998b2d582eec91a"
      }
    },
    {
      "identity" : "launchatlogin",
      "kind" : "remoteSourceControl",
      "location" : "https://github.com/sindresorhus/LaunchAtLogin",
      "state" : {
        "branch" : "main",
        "revision" : "d473e169537169cc0442d6d88a0f9a9daf9d4f6f"
      }
    },
    {
      "identity" : "preferences",
      "kind" : "remoteSourceControl",
      "location" : "https://github.com/sindresorhus/Preferences",
      "state" : {
        "branch" : "main",
        "revision" : "8bd4c0fbc97d89f41637984eda8287b0cb022474"
      }
    }
  ],
  "version" : 2
}
